
Microsoft Visual Studio Solution File, Format Version 12.00
# Visual Studio 2013
VisualStudioVersion = 12.0.21005.1
MinimumVisualStudioVersion = 10.0.40219.1
Project("{FAE04EC0-301F-11D3-BF4B-00C04F79EFBC}") = "T_Helper", "T_ORM\T_Helper.csproj", "{C6ADB91C-8CEC-4D6D-9DB5-5D65140CF2D7}"
EndProject
Project("{2150E333-8FDC-42A3-9474-1A3956D46DE8}") = "ORM_SQL", "ORM_SQL", "{F703F852-6060-4913-BB74-E1BD08AD8E67}"
EndProject
Project("{FAE04EC0-301F-11D3-BF4B-00C04F79EFBC}") = "Dapper_MSSQL", "Dapper_MSSQL\Dapper_MSSQL.csproj", "{B5AC2BED-0108-4502-BB21-B5E2682BCE11}"
EndProject
Project("{FAE04EC0-301F-11D3-BF4B-00C04F79EFBC}") = "Models", "Models\Models.csproj", "{171AA94D-2F5B-4296-BA4F-96EA651EF187}"
EndProject
Project("{FAE04EC0-301F-11D3-BF4B-00C04F79EFBC}") = "Deft_MSSQL", "Deft_MSSQL\Deft_MSSQL.csproj", "{FECB99C3-8303-42B3-91B8-DFFEFE88165B}"
EndProject
Project("{FAE04EC0-301F-11D3-BF4B-00C04F79EFBC}") = "EF_MSSQL_DBFirst", "EF_MSSQL\EF_MSSQL_DBFirst.csproj", "{C355BBF4-7313-469B-BCEB-B52E78C1D403}"
EndProject
Project("{FAE04EC0-301F-11D3-BF4B-00C04F79EFBC}") = "PetaPoco_MSSQL", "PetaPoco_MSSQL\PetaPoco_MSSQL.csproj", "{B64B8083-7F2D-4592-BE43-7F75819E4459}"
EndProject
Project("{FAE04EC0-301F-11D3-BF4B-00C04F79EFBC}") = "NHibernat_MSSQL", "NHibernat\NHibernat_MSSQL.csproj", "{095C830C-BFED-4560-88E0-ACFE7B894BEA}"
EndProject
Project("{FAE04EC0-301F-11D3-BF4B-00C04F79EFBC}") = "EF_MSSQL_ModelFirst", "EF_MSSQL_ModelFirst\EF_MSSQL_ModelFirst.csproj", "{3F7B01C9-E945-46C1-976B-863CC5BB870C}"
EndProject
Project("{FAE04EC0-301F-11D3-BF4B-00C04F79EFBC}") = "EF_MSSQL_CodeFirst", "EF_MSSQL_CodeFirst\EF_MSSQL_CodeFirst.csproj", "{B692EF51-DD3C-4C42-99CA-DC417B934EFF}"
EndProject
Project("{FAE04EC0-301F-11D3-BF4B-00C04F79EFBC}") = "Tradition_MSSQL", "Tradition_MSSQL\Tradition_MSSQL.csproj", "{60C81331-A524-4B4E-83F4-BB39AB77F718}"
EndProject
Global
	GlobalSection(SolutionConfigurationPlatforms) = preSolution
		Debug|Any CPU = Debug|Any CPU
		Release|Any CPU = Release|Any CPU
	EndGlobalSection
	GlobalSection(ProjectConfigurationPlatforms) = postSolution
		{C6ADB91C-8CEC-4D6D-9DB5-5D65140CF2D7}.Debug|Any CPU.ActiveCfg = Debug|Any CPU
		{C6ADB91C-8CEC-4D6D-9DB5-5D65140CF2D7}.Debug|Any CPU.Build.0 = Debug|Any CPU
		{C6ADB91C-8CEC-4D6D-9DB5-5D65140CF2D7}.Release|Any CPU.ActiveCfg = Release|Any CPU
		{C6ADB91C-8CEC-4D6D-9DB5-5D65140CF2D7}.Release|Any CPU.Build.0 = Release|Any CPU
		{B5AC2BED-0108-4502-BB21-B5E2682BCE11}.Debug|Any CPU.ActiveCfg = Debug|Any CPU
		{B5AC2BED-0108-4502-BB21-B5E2682BCE11}.Debug|Any CPU.Build.0 = Debug|Any CPU
		{B5AC2BED-0108-4502-BB21-B5E2682BCE11}.Release|Any CPU.ActiveCfg = Release|Any CPU
		{B5AC2BED-0108-4502-BB21-B5E2682BCE11}.Release|Any CPU.Build.0 = Release|Any CPU
		{171AA94D-2F5B-4296-BA4F-96EA651EF187}.Debug|Any CPU.ActiveCfg = Debug|Any CPU
		{171AA94D-2F5B-4296-BA4F-96EA651EF187}.Debug|Any CPU.Build.0 = Debug|Any CPU
		{171AA94D-2F5B-4296-BA4F-96EA651EF187}.Release|Any CPU.ActiveCfg = Release|Any CPU
		{171AA94D-2F5B-4296-BA4F-96EA651EF187}.Release|Any CPU.Build.0 = Release|Any CPU
		{FECB99C3-8303-42B3-91B8-DFFEFE88165B}.Debug|Any CPU.ActiveCfg = Debug|Any CPU
		{FECB99C3-8303-42B3-91B8-DFFEFE88165B}.Debug|Any CPU.Build.0 = Debug|Any CPU
		{FECB99C3-8303-42B3-91B8-DFFEFE88165B}.Release|Any CPU.ActiveCfg = Release|Any CPU
		{FECB99C3-8303-42B3-91B8-DFFEFE88165B}.Release|Any CPU.Build.0 = Release|Any CPU
		{C355BBF4-7313-469B-BCEB-B52E78C1D403}.Debug|Any CPU.ActiveCfg = Debug|Any CPU
		{C355BBF4-7313-469B-BCEB-B52E78C1D403}.Debug|Any CPU.Build.0 = Debug|Any CPU
		{C355BBF4-7313-469B-BCEB-B52E78C1D403}.Release|Any CPU.ActiveCfg = Release|Any CPU
		{C355BBF4-7313-469B-BCEB-B52E78C1D403}.Release|Any CPU.Build.0 = Release|Any CPU
		{B64B8083-7F2D-4592-BE43-7F75819E4459}.Debug|Any CPU.ActiveCfg = Debug|Any CPU
		{B64B8083-7F2D-4592-BE43-7F75819E4459}.Debug|Any CPU.Build.0 = Debug|Any CPU
		{B64B8083-7F2D-4592-BE43-7F75819E4459}.Release|Any CPU.ActiveCfg = Release|Any CPU
		{B64B8083-7F2D-4592-BE43-7F75819E4459}.Release|Any CPU.Build.0 = Release|Any CPU
		{095C830C-BFED-4560-88E0-ACFE7B894BEA}.Debug|Any CPU.ActiveCfg = Debug|Any CPU
		{095C830C-BFED-4560-88E0-ACFE7B894BEA}.Debug|Any CPU.Build.0 = Debug|Any CPU
		{095C830C-BFED-4560-88E0-ACFE7B894BEA}.Release|Any CPU.ActiveCfg = Release|Any CPU
		{095C830C-BFED-4560-88E0-ACFE7B894BEA}.Release|Any CPU.Build.0 = Release|Any CPU
		{3F7B01C9-E945-46C1-976B-863CC5BB870C}.Debug|Any CPU.ActiveCfg = Debug|Any CPU
		{3F7B01C9-E945-46C1-976B-863CC5BB870C}.Debug|Any CPU.Build.0 = Debug|Any CPU
		{3F7B01C9-E945-46C1-976B-863CC5BB870C}.Release|Any CPU.ActiveCfg = Release|Any CPU
		{3F7B01C9-E945-46C1-976B-863CC5BB870C}.Release|Any CPU.Build.0 = Release|Any CPU
		{B692EF51-DD3C-4C42-99CA-DC417B934EFF}.Debug|Any CPU.ActiveCfg = Debug|Any CPU
		{B692EF51-DD3C-4C42-99CA-DC417B934EFF}.Debug|Any CPU.Build.0 = Debug|Any CPU
		{B692EF51-DD3C-4C42-99CA-DC417B934EFF}.Release|Any CPU.ActiveCfg = Release|Any CPU
		{B692EF51-DD3C-4C42-99CA-DC417B934EFF}.Release|Any CPU.Build.0 = Release|Any CPU
		{60C81331-A524-4B4E-83F4-BB39AB77F718}.Debug|Any CPU.ActiveCfg = Debug|Any CPU
		{60C81331-A524-4B4E-83F4-BB39AB77F718}.Debug|Any CPU.Build.0 = Debug|Any CPU
		{60C81331-A524-4B4E-83F4-BB39AB77F718}.Release|Any CPU.ActiveCfg = Release|Any CPU
		{60C81331-A524-4B4E-83F4-BB39AB77F718}.Release|Any CPU.Build.0 = Release|Any CPU
	EndGlobalSection
	GlobalSection(SolutionProperties) = preSolution
		HideSolutionNode = FALSE
	EndGlobalSection
	GlobalSection(NestedProjects) = preSolution
		{B5AC2BED-0108-4502-BB21-B5E2682BCE11} = {F703F852-6060-4913-BB74-E1BD08AD8E67}
		{FECB99C3-8303-42B3-91B8-DFFEFE88165B} = {F703F852-6060-4913-BB74-E1BD08AD8E67}
		{C355BBF4-7313-469B-BCEB-B52E78C1D403} = {F703F852-6060-4913-BB74-E1BD08AD8E67}
		{B64B8083-7F2D-4592-BE43-7F75819E4459} = {F703F852-6060-4913-BB74-E1BD08AD8E67}
		{095C830C-BFED-4560-88E0-ACFE7B894BEA} = {F703F852-6060-4913-BB74-E1BD08AD8E67}
		{3F7B01C9-E945-46C1-976B-863CC5BB870C} = {F703F852-6060-4913-BB74-E1BD08AD8E67}
		{B692EF51-DD3C-4C42-99CA-DC417B934EFF} = {F703F852-6060-4913-BB74-E1BD08AD8E67}
		{60C81331-A524-4B4E-83F4-BB39AB77F718} = {F703F852-6060-4913-BB74-E1BD08AD8E67}
	EndGlobalSection
EndGlobal
